
Microsoft Visual Studio Solution File, Format Version 12.00
# Visual Studio Version 17
VisualStudioVersion = 17.3.32819.101
MinimumVisualStudioVersion = 10.0.40219.1
Project("{FAE04EC0-301F-11D3-BF4B-00C04F79EFBC}") = "OcrTranslation", "OcrTranslation\OcrTranslation.csproj", "{67F1BE29-B527-42B4-86E9-D96FB07E4659}"
EndProject
Global
	GlobalSection(SolutionConfigurationPlatforms) = preSolution
		Debug|Any CPU = Debug|Any CPU
		Release|Any CPU = Release|Any CPU
	EndGlobalSection
	GlobalSection(ProjectConfigurationPlatforms) = postSolution
		{67F1BE29-B527-42B4-86E9-D96FB07E4659}.Debug|Any CPU.ActiveCfg = Debug|Any CPU
		{67F1BE29-B527-42B4-86E9-D96FB07E4659}.Debug|Any CPU.Build.0 = Debug|Any CPU
		{67F1BE29-B527-42B4-86E9-D96FB07E4659}.Release|Any CPU.ActiveCfg = Release|Any CPU
		{67F1BE29-B527-42B4-86E9-D96FB07E4659}.Release|Any CPU.Build.0 = Release|Any CPU
	EndGlobalSection
	GlobalSection(SolutionProperties) = preSolution
		HideSolutionNode = FALSE
	EndGlobalSection
	GlobalSection(ExtensibilityGlobals) = postSolution
		SolutionGuid = {68D36D1B-9227-4BA9-AD40-EFD5153FD00D}
	EndGlobalSection
EndGlobal
